{
  "version": "3",
  "packages": {
    "specifiers": {
      "npm:@types/node": "npm:@types/node@18.16.13"
    },
    "npm": {
      "@types/node@18.16.13": {
        "integrity": "sha512-uZRomboV1vBL61EBXneL4j9/hEn+1Yqa4LQdpGrKmXFyJmVfWc9JV9+yb2AlnOnuaDnb2PDO3hC6/LKmzJxP1A==",
        "dependencies": {}
      }
    }
  },
  "remote": {
    "https://deno.land/x/eta@v3.1.0/src/compile-string.ts": "4f66617fb16ba227fa211cf1dc5f201ff57b2183f74882d6f4d24bde23817e89",
    "https://deno.land/x/eta@v3.1.0/src/compile.ts": "146782227ddd5c423d07dedb2be40a2a5643c7429d9a3af5ac9a79c21bf7ae95",
    "https://deno.land/x/eta@v3.1.0/src/config.ts": "7e2971ba3ec4b31b5f1ae0ea71957f0a2b868285192be77836d65ca27adb4f90",
    "https://deno.land/x/eta@v3.1.0/src/core.ts": "b0f74d80ef0d42f5409297661279a86aec40c42efd0bd4bf31f8ee042d1fc01f",
    "https://deno.land/x/eta@v3.1.0/src/err.ts": "e9732b5f7fe729fed9d67868ff7d87ef1002d45d0a8a4e8f7fb1fa9ec2e2d50b",
    "https://deno.land/x/eta@v3.1.0/src/file-handling.ts": "ac54a84c4e73f47629d69725b8557080caf4e03cf34413b4a2a3f3a10c0abb25",
    "https://deno.land/x/eta@v3.1.0/src/index.ts": "fa1e18db556462293408c7a455b05b5253aae460c97811f88bb023cdc3f95f62",
    "https://deno.land/x/eta@v3.1.0/src/parse.ts": "8cb25b4ccf58ea7f08fe9835f7eb8bf45917d6d743d28d1e25cadc9fc908cb32",
    "https://deno.land/x/eta@v3.1.0/src/render.ts": "bfd57548d5fdae11c1c1683ff748783c1f85be3db3c24fcc80ce915692b004dd",
    "https://deno.land/x/eta@v3.1.0/src/storage.ts": "c40bd31cdd6f1218c86f70067282709e2f2c7fa7eea67547be950e1ed5d4bd4c",
    "https://deno.land/x/eta@v3.1.0/src/utils.ts": "1994c8d228195558fb6785fb00a97cf21a457df598a6ab1945170f7a4b7f00d9",
    "https://raw.githubusercontent.com/alexlafroscia/night-owl-palette/v1.0.0/lib/color.ts": "e7930224091f438a75f3346b4d969ee84d2f3f02bcb7faf80d9f3728296bdaca",
    "https://raw.githubusercontent.com/alexlafroscia/night-owl-palette/v1.0.0/lib/ui.ts": "45f94bd3f25f5b292de86f37e6c69580e437e51038fca178de2e58b721cf5c3b",
    "https://raw.githubusercontent.com/alexlafroscia/night-owl-palette/v1.0.0/mod.ts": "6e973b45aa8c9962d4e1a104bccf27dcf05800271d94502a875cc97d662f1d71"
  }
}
